
Microsoft Visual Studio Solution File, Format Version 12.00
# Visual Studio Version 17
VisualStudioVersion = 17.4.33205.214
MinimumVisualStudioVersion = 10.0.40219.1
Project("{8BC9CEB8-8B4A-11D0-8D11-00A0C91BC942}") = "GrahamAlgorithm", "GrahamAlgorithm\GrahamAlgorithm.vcxproj", "{CA0EC4E0-092E-4575-958C-520A6705A40E}"
EndProject
Global
	GlobalSection(SolutionConfigurationPlatforms) = preSolution
		Debug|x64 = Debug|x64
		Debug|x86 = Debug|x86
		Release|x64 = Release|x64
		Release|x86 = Release|x86
	EndGlobalSection
	GlobalSection(ProjectConfigurationPlatforms) = postSolution
		{CA0EC4E0-092E-4575-958C-520A6705A40E}.Debug|x64.ActiveCfg = Debug|x64
		{CA0EC4E0-092E-4575-958C-520A6705A40E}.Debug|x64.Build.0 = Debug|x64
		{CA0EC4E0-092E-4575-958C-520A6705A40E}.Debug|x86.ActiveCfg = Debug|Win32
		{CA0EC4E0-092E-4575-958C-520A6705A40E}.Debug|x86.Build.0 = Debug|Win32
		{CA0EC4E0-092E-4575-958C-520A6705A40E}.Release|x64.ActiveCfg = Release|x64
		{CA0EC4E0-092E-4575-958C-520A6705A40E}.Release|x64.Build.0 = Release|x64
		{CA0EC4E0-092E-4575-958C-520A6705A40E}.Release|x86.ActiveCfg = Release|Win32
		{CA0EC4E0-092E-4575-958C-520A6705A40E}.Release|x86.Build.0 = Release|Win32
	EndGlobalSection
	GlobalSection(SolutionProperties) = preSolution
		HideSolutionNode = FALSE
	EndGlobalSection
	GlobalSection(ExtensibilityGlobals) = postSolution
		SolutionGuid = {284A541D-736C-4010-9AEC-9CE0D8E6DA1B}
	EndGlobalSection
EndGlobal
